// !$*UTF8*$!
{
	archiveVersion = 1;
	classes = {
	};
	objectVersion = 56;
	objects = {

/* Begin PBXBuildFile section */
		C08E6C8D29EAD1C000D81ACA /* tokengApp.swift in Sources */ = {isa = PBXBuildFile; fileRef = C08E6C8C29EAD1C000D81ACA /* tokengApp.swift */; };
		C08E6C8F29EAD1C000D81ACA /* ContentView.swift in Sources */ = {isa = PBXBuildFile; fileRef = C08E6C8E29EAD1C000D81ACA /* ContentView.swift */; };
		C08E6C9129EAD1C200D81ACA /* Assets.xcassets in Resources */ = {isa = PBXBuildFile; fileRef = C08E6C9029EAD1C200D81ACA /* Assets.xcassets */; };
		C08E6C9429EAD1C200D81ACA /* Preview Assets.xcassets in Resources */ = {isa = PBXBuildFile; fileRef = C08E6C9329EAD1C200D81ACA /* Preview Assets.xcassets */; };
		C08E6C9629EAD1C200D81ACA /* Persistence.swift in Sources */ = {isa = PBXBuildFile; fileRef = C08E6C9529EAD1C200D81ACA /* Persistence.swift */; };
		C08E6C9929EAD1C200D81ACA /* tokeng.xcdatamodeld in Sources */ = {isa = PBXBuildFile; fileRef = C08E6C9729EAD1C200D81ACA /* tokeng.xcdatamodeld */; };
		C08E6CA429EAD1C200D81ACA /* tokengTests.swift in Sources */ = {isa = PBXBuildFile; fileRef = C08E6CA329EAD1C200D81ACA /* tokengTests.swift */; };
		C08E6CAE29EAD1C200D81ACA /* tokengUITests.swift in Sources */ = {isa = PBXBuildFile; fileRef = C08E6CAD29EAD1C200D81ACA /* tokengUITests.swift */; };
		C08E6CB029EAD1C200D81ACA /* tokengUITestsLaunchTests.swift in Sources */ = {isa = PBXBuildFile; fileRef = C08E6CAF29EAD1C200D81ACA /* tokengUITestsLaunchTests.swift */; };
/* End PBXBuildFile section */

/* Begin PBXContainerItemProxy section */
		C08E6CA029EAD1C200D81ACA /* PBXContainerItemProxy */ = {
			isa = PBXContainerItemProxy;
			containerPortal = C08E6C8129EAD1C000D81ACA /* Project object */;
			proxyType = 1;
			remoteGlobalIDString = C08E6C8829EAD1C000D81ACA;
			remoteInfo = tokeng;
		};
		C08E6CAA29EAD1C200D81ACA /* PBXContainerItemProxy */ = {
			isa = PBXContainerItemProxy;
			containerPortal = C08E6C8129EAD1C000D81ACA /* Project object */;
			proxyType = 1;
			remoteGlobalIDString = C08E6C8829EAD1C000D81ACA;
			remoteInfo = tokeng;
		};
/* End PBXContainerItemProxy section */

/* Begin PBXFileReference section */
		C08E6C8929EAD1C000D81ACA /* tokeng.app */ = {isa = PBXFileReference; explicitFileType = wrapper.application; includeInIndex = 0; path = tokeng.app; sourceTree = BUILT_PRODUCTS_DIR; };
		C08E6C8C29EAD1C000D81ACA /* tokengApp.swift */ = {isa = PBXFileReference; lastKnownFileType = sourcecode.swift; path = tokengApp.swift; sourceTree = "<group>"; };
		C08E6C8E29EAD1C000D81ACA /* ContentView.swift */ = {isa = PBXFileReference; lastKnownFileType = sourcecode.swift; path = ContentView.swift; sourceTree = "<group>"; };
		C08E6C9029EAD1C200D81ACA /* Assets.xcassets */ = {isa = PBXFileReference; lastKnownFileType = folder.assetcatalog; path = Assets.xcassets; sourceTree = "<group>"; };
		C08E6C9329EAD1C200D81ACA /* Preview Assets.xcassets */ = {isa = PBXFileReference; lastKnownFileType = folder.assetcatalog; path = "Preview Assets.xcassets"; sourceTree = "<group>"; };
		C08E6C9529EAD1C200D81ACA /* Persistence.swift */ = {isa = PBXFileReference; lastKnownFileType = sourcecode.swift; path = Persistence.swift; sourceTree = "<group>"; };
		C08E6C9829EAD1C200D81ACA /* tokeng.xcdatamodel */ = {isa = PBXFileReference; lastKnownFileType = wrapper.xcdatamodel; path = tokeng.xcdatamodel; sourceTree = "<group>"; };
		C08E6C9A29EAD1C200D81ACA /* Info.plist */ = {isa = PBXFileReference; lastKnownFileType = text.plist.xml; path = Info.plist; sourceTree = "<group>"; };
		C08E6C9F29EAD1C200D81ACA /* tokengTests.xctest */ = {isa = PBXFileReference; explicitFileType = wrapper.cfbundle; includeInIndex = 0; path = tokengTests.xctest; sourceTree = BUILT_PRODUCTS_DIR; };
		C08E6CA329EAD1C200D81ACA /* tokengTests.swift */ = {isa = PBXFileReference; lastKnownFileType = sourcecode.swift; path = tokengTests.swift; sourceTree = "<group>"; };
		C08E6CA929EAD1C200D81ACA /* tokengUITests.xctest */ = {isa = PBXFileReference; explicitFileType = wrapper.cfbundle; includeInIndex = 0; path = tokengUITests.xctest; sourceTree = BUILT_PRODUCTS_DIR; };
		C08E6CAD29EAD1C200D81ACA /* tokengUITests.swift */ = {isa = PBXFileReference; lastKnownFileType = sourcecode.swift; path = tokengUITests.swift; sourceTree = "<group>"; };
		C08E6CAF29EAD1C200D81ACA /* tokengUITestsLaunchTests.swift */ = {isa = PBXFileReference; lastKnownFileType = sourcecode.swift; path = tokengUITestsLaunchTests.swift; sourceTree = "<group>"; };
/* End PBXFileReference section */

/* Begin PBXFrameworksBuildPhase section */
		C08E6C8629EAD1C000D81ACA /* Frameworks */ = {
			isa = PBXFrameworksBuildPhase;
			buildActionMask = 2147483647;
			files = (
			);
			runOnlyForDeploymentPostprocessing = 0;
		};
		C08E6C9C29EAD1C200D81ACA /* Frameworks */ = {
			isa = PBXFrameworksBuildPhase;
			buildActionMask = 2147483647;
			files = (
			);
			runOnlyForDeploymentPostprocessing = 0;
		};
		C08E6CA629EAD1C200D81ACA /* Frameworks */ = {
			isa = PBXFrameworksBuildPhase;
			buildActionMask = 2147483647;
			files = (
			);
			runOnlyForDeploymentPostprocessing = 0;
		};
/* End PBXFrameworksBuildPhase section */

/* Begin PBXGroup section */
		C08E6C8029EAD1C000D81ACA = {
			isa = PBXGroup;
			children = (
				C08E6C8B29EAD1C000D81ACA /* tokeng */,
				C08E6CA229EAD1C200D81ACA /* tokengTests */,
				C08E6CAC29EAD1C200D81ACA /* tokengUITests */,
				C08E6C8A29EAD1C000D81ACA /* Products */,
			);
			sourceTree = "<group>";
		};
		C08E6C8A29EAD1C000D81ACA /* Products */ = {
			isa = PBXGroup;
			children = (
				C08E6C8929EAD1C000D81ACA /* tokeng.app */,
				C08E6C9F29EAD1C200D81ACA /* tokengTests.xctest */,
				C08E6CA929EAD1C200D81ACA /* tokengUITests.xctest */,
			);
			name = Products;
			sourceTree = "<group>";
		};
		C08E6C8B29EAD1C000D81ACA /* tokeng */ = {
			isa = PBXGroup;
			children = (
				C08E6C8C29EAD1C000D81ACA /* tokengApp.swift */,
				C08E6C8E29EAD1C000D81ACA /* ContentView.swift */,
				C08E6C9029EAD1C200D81ACA /* Assets.xcassets */,
				C08E6C9529EAD1C200D81ACA /* Persistence.swift */,
				C08E6C9A29EAD1C200D81ACA /* Info.plist */,
				C08E6C9729EAD1C200D81ACA /* tokeng.xcdatamodeld */,
				C08E6C9229EAD1C200D81ACA /* Preview Content */,
			);
			path = tokeng;
			sourceTree = "<group>";
		};
		C08E6C9229EAD1C200D81ACA /* Preview Content */ = {
			isa = PBXGroup;
			children = (
				C08E6C9329EAD1C200D81ACA /* Preview Assets.xcassets */,
			);
			path = "Preview Content";
			sourceTree = "<group>";
		};
		C08E6CA229EAD1C200D81ACA /* tokengTests */ = {
			isa = PBXGroup;
			children = (
				C08E6CA329EAD1C200D81ACA /* tokengTests.swift */,
			);
			path = tokengTests;
			sourceTree = "<group>";
		};
		C08E6CAC29EAD1C200D81ACA /* tokengUITests */ = {
			isa = PBXGroup;
			children = (
				C08E6CAD29EAD1C200D81ACA /* tokengUITests.swift */,
				C08E6CAF29EAD1C200D81ACA /* tokengUITestsLaunchTests.swift */,
			);
			path = tokengUITests;
			sourceTree = "<group>";
		};
/* End PBXGroup section */

/* Begin PBXNativeTarget section */
		C08E6C8829EAD1C000D81ACA /* tokeng */ = {
			isa = PBXNativeTarget;
			buildConfigurationList = C08E6CB329EAD1C200D81ACA /* Build configuration list for PBXNativeTarget "tokeng" */;
			buildPhases = (
				C08E6C8529EAD1C000D81ACA /* Sources */,
				C08E6C8629EAD1C000D81ACA /* Frameworks */,
				C08E6C8729EAD1C000D81ACA /* Resources */,
			);
			buildRules = (
			);
			dependencies = (
			);
			name = tokeng;
			productName = tokeng;
			productReference = C08E6C8929EAD1C000D81ACA /* tokeng.app */;
			productType = "com.apple.product-type.application";
		};
		C08E6C9E29EAD1C200D81ACA /* tokengTests */ = {
			isa = PBXNativeTarget;
			buildConfigurationList = C08E6CB629EAD1C200D81ACA /* Build configuration list for PBXNativeTarget "tokengTests" */;
			buildPhases = (
				C08E6C9B29EAD1C200D81ACA /* Sources */,
				C08E6C9C29EAD1C200D81ACA /* Frameworks */,
				C08E6C9D29EAD1C200D81ACA /* Resources */,
			);
			buildRules = (
			);
			dependencies = (
				C08E6CA129EAD1C200D81ACA /* PBXTargetDependency */,
			);
			name = tokengTests;
			productName = tokengTests;
			productReference = C08E6C9F29EAD1C200D81ACA /* tokengTests.xctest */;
			productType = "com.apple.product-type.bundle.unit-test";
		};
		C08E6CA829EAD1C200D81ACA /* tokengUITests */ = {
			isa = PBXNativeTarget;
			buildConfigurationList = C08E6CB929EAD1C200D81ACA /* Build configuration list for PBXNativeTarget "tokengUITests" */;
			buildPhases = (
				C08E6CA529EAD1C200D81ACA /* Sources */,
				C08E6CA629EAD1C200D81ACA /* Frameworks */,
				C08E6CA729EAD1C200D81ACA /* Resources */,
			);
			buildRules = (
			);
			dependencies = (
				C08E6CAB29EAD1C200D81ACA /* PBXTargetDependency */,
			);
			name = tokengUITests;
			productName = tokengUITests;
			productReference = C08E6CA929EAD1C200D81ACA /* tokengUITests.xctest */;
			productType = "com.apple.product-type.bundle.ui-testing";
		};
/* End PBXNativeTarget section */

/* Begin PBXProject section */
		C08E6C8129EAD1C000D81ACA /* Project object */ = {
			isa = PBXProject;
			attributes = {
				BuildIndependentTargetsInParallel = 1;
				LastSwiftUpdateCheck = 1430;
				LastUpgradeCheck = 1430;
				TargetAttributes = {
					C08E6C8829EAD1C000D81ACA = {
						CreatedOnToolsVersion = 14.3;
					};
					C08E6C9E29EAD1C200D81ACA = {
						CreatedOnToolsVersion = 14.3;
						TestTargetID = C08E6C8829EAD1C000D81ACA;
					};
					C08E6CA829EAD1C200D81ACA = {
						CreatedOnToolsVersion = 14.3;
						TestTargetID = C08E6C8829EAD1C000D81ACA;
					};
				};
			};
			buildConfigurationList = C08E6C8429EAD1C000D81ACA /* Build configuration list for PBXProject "tokeng" */;
			compatibilityVersion = "Xcode 14.0";
			developmentRegion = en;
			hasScannedForEncodings = 0;
			knownRegions = (
				en,
				Base,
			);
			mainGroup = C08E6C8029EAD1C000D81ACA;
			productRefGroup = C08E6C8A29EAD1C000D81ACA /* Products */;
			projectDirPath = "";
			projectRoot = "";
			targets = (
				C08E6C8829EAD1C000D81ACA /* tokeng */,
				C08E6C9E29EAD1C200D81ACA /* tokengTests */,
				C08E6CA829EAD1C200D81ACA /* tokengUITests */,
			);
		};
/* End PBXProject section */

/* Begin PBXResourcesBuildPhase section */
		C08E6C8729EAD1C000D81ACA /* Resources */ = {
			isa = PBXResourcesBuildPhase;
			buildActionMask = 2147483647;
			files = (
				C08E6C9429EAD1C200D81ACA /* Preview Assets.xcassets in Resources */,
				C08E6C9129EAD1C200D81ACA /* Assets.xcassets in Resources */,
			);
			runOnlyForDeploymentPostprocessing = 0;
		};
		C08E6C9D29EAD1C200D81ACA /* Resources */ = {
			isa = PBXResourcesBuildPhase;
			buildActionMask = 2147483647;
			files = (
			);
			runOnlyForDeploymentPostprocessing = 0;
		};
		C08E6CA729EAD1C200D81ACA /* Resources */ = {
			isa = PBXResourcesBuildPhase;
			buildActionMask = 2147483647;
			files = (
			);
			runOnlyForDeploymentPostprocessing = 0;
		};
/* End PBXResourcesBuildPhase section */

/* Begin PBXSourcesBuildPhase section */
		C08E6C8529EAD1C000D81ACA /* Sources */ = {
			isa = PBXSourcesBuildPhase;
			buildActionMask = 2147483647;
			files = (
				C08E6C9629EAD1C200D81ACA /* Persistence.swift in Sources */,
				C08E6C8F29EAD1C000D81ACA /* ContentView.swift in Sources */,
				C08E6C8D29EAD1C000D81ACA /* tokengApp.swift in Sources */,
				C08E6C9929EAD1C200D81ACA /* tokeng.xcdatamodeld in Sources */,
			);
			runOnlyForDeploymentPostprocessing = 0;
		};
		C08E6C9B29EAD1C200D81ACA /* Sources */ = {
			isa = PBXSourcesBuildPhase;
			buildActionMask = 2147483647;
			files = (
				C08E6CA429EAD1C200D81ACA /* tokengTests.swift in Sources */,
			);
			runOnlyForDeploymentPostprocessing = 0;
		};
		C08E6CA529EAD1C200D81ACA /* Sources */ = {
			isa = PBXSourcesBuildPhase;
			buildActionMask = 2147483647;
			files = (
				C08E6CB029EAD1C200D81ACA /* tokengUITestsLaunchTests.swift in Sources */,
				C08E6CAE29EAD1C200D81ACA /* tokengUITests.swift in Sources */,
			);
			runOnlyForDeploymentPostprocessing = 0;
		};
/* End PBXSourcesBuildPhase section */

/* Begin PBXTargetDependency section */
		C08E6CA129EAD1C200D81ACA /* PBXTargetDependency */ = {
			isa = PBXTargetDependency;
			target = C08E6C8829EAD1C000D81ACA /* tokeng */;
			targetProxy = C08E6CA029EAD1C200D81ACA /* PBXContainerItemProxy */;
		};
		C08E6CAB29EAD1C200D81ACA /* PBXTargetDependency */ = {
			isa = PBXTargetDependency;
			target = C08E6C8829EAD1C000D81ACA /* tokeng */;
			targetProxy = C08E6CAA29EAD1C200D81ACA /* PBXContainerItemProxy */;
		};
/* End PBXTargetDependency section */

/* Begin XCBuildConfiguration section */
		C08E6CB129EAD1C200D81ACA /* Debug */ = {
			isa = XCBuildConfiguration;
			buildSettings = {
				ALWAYS_SEARCH_USER_PATHS = NO;
				CLANG_ANALYZER_NONNULL = YES;
				CLANG_ANALYZER_NUMBER_OBJECT_CONVERSION = YES_AGGRESSIVE;
				CLANG_CXX_LANGUAGE_STANDARD = "gnu++20";
				CLANG_ENABLE_MODULES = YES;
				CLANG_ENABLE_OBJC_ARC = YES;
				CLANG_ENABLE_OBJC_WEAK = YES;
				CLANG_WARN_BLOCK_CAPTURE_AUTORELEASING = YES;
				CLANG_WARN_BOOL_CONVERSION = YES;
				CLANG_WARN_COMMA = YES;
				CLANG_WARN_CONSTANT_CONVERSION = YES;
				CLANG_WARN_DEPRECATED_OBJC_IMPLEMENTATIONS = YES;
				CLANG_WARN_DIRECT_OBJC_ISA_USAGE = YES_ERROR;
				CLANG_WARN_DOCUMENTATION_COMMENTS = YES;
				CLANG_WARN_EMPTY_BODY = YES;
				CLANG_WARN_ENUM_CONVERSION = YES;
				CLANG_WARN_INFINITE_RECURSION = YES;
				CLANG_WARN_INT_CONVERSION = YES;
				CLANG_WARN_NON_LITERAL_NULL_CONVERSION = YES;
				CLANG_WARN_OBJC_IMPLICIT_RETAIN_SELF = YES;
				CLANG_WARN_OBJC_LITERAL_CONVERSION = YES;
				CLANG_WARN_OBJC_ROOT_CLASS = YES_ERROR;
				CLANG_WARN_QUOTED_INCLUDE_IN_FRAMEWORK_HEADER = YES;
				CLANG_WARN_RANGE_LOOP_ANALYSIS = YES;
				CLANG_WARN_STRICT_PROTOTYPES = YES;
				CLANG_WARN_SUSPICIOUS_MOVE = YES;
				CLANG_WARN_UNGUARDED_AVAILABILITY = YES_AGGRESSIVE;
				CLANG_WARN_UNREACHABLE_CODE = YES;
				CLANG_WARN__DUPLICATE_METHOD_MATCH = YES;
				COPY_PHASE_STRIP = NO;
				DEBUG_INFORMATION_FORMAT = dwarf;
				ENABLE_STRICT_OBJC_MSGSEND = YES;
				ENABLE_TESTABILITY = YES;
				GCC_C_LANGUAGE_STANDARD = gnu11;
				GCC_DYNAMIC_NO_PIC = NO;
				GCC_NO_COMMON_BLOCKS = YES;
				GCC_OPTIMIZATION_LEVEL = 0;
				GCC_PREPROCESSOR_DEFINITIONS = (
					"DEBUG=1",
					"$(inherited)",
				);
				GCC_WARN_64_TO_32_BIT_CONVERSION = YES;
				GCC_WARN_ABOUT_RETURN_TYPE = YES_ERROR;
				GCC_WARN_UNDECLARED_SELECTOR = YES;
				GCC_WARN_UNINITIALIZED_AUTOS = YES_AGGRESSIVE;
				GCC_WARN_UNUSED_FUNCTION = YES;
				GCC_WARN_UNUSED_VARIABLE = YES;
				IPHONEOS_DEPLOYMENT_TARGET = 16.4;
				MTL_ENABLE_DEBUG_INFO = INCLUDE_SOURCE;
				MTL_FAST_MATH = YES;
				ONLY_ACTIVE_ARCH = YES;
				SDKROOT = iphoneos;
				SWIFT_ACTIVE_COMPILATION_CONDITIONS = DEBUG;
				SWIFT_OPTIMIZATION_LEVEL = "-Onone";
			};
			name = Debug;
		};
		C08E6CB229EAD1C200D81ACA /* Release */ = {
			isa = XCBuildConfiguration;
			buildSettings = {
				ALWAYS_SEARCH_USER_PATHS = NO;
				CLANG_ANALYZER_NONNULL = YES;
				CLANG_ANALYZER_NUMBER_OBJECT_CONVERSION = YES_AGGRESSIVE;
				CLANG_CXX_LANGUAGE_STANDARD = "gnu++20";
				CLANG_ENABLE_MODULES = YES;
				CLANG_ENABLE_OBJC_ARC = YES;
				CLANG_ENABLE_OBJC_WEAK = YES;
				CLANG_WARN_BLOCK_CAPTURE_AUTORELEASING = YES;
				CLANG_WARN_BOOL_CONVERSION = YES;
				CLANG_WARN_COMMA = YES;
				CLANG_WARN_CONSTANT_CONVERSION = YES;
				CLANG_WARN_DEPRECATED_OBJC_IMPLEMENTATIONS = YES;
				CLANG_WARN_DIRECT_OBJC_ISA_USAGE = YES_ERROR;
				CLANG_WARN_DOCUMENTATION_COMMENTS = YES;
				CLANG_WARN_EMPTY_BODY = YES;
				CLANG_WARN_ENUM_CONVERSION = YES;
				CLANG_WARN_INFINITE_RECURSION = YES;
				CLANG_WARN_INT_CONVERSION = YES;
				CLANG_WARN_NON_LITERAL_NULL_CONVERSION = YES;
				CLANG_WARN_OBJC_IMPLICIT_RETAIN_SELF = YES;
				CLANG_WARN_OBJC_LITERAL_CONVERSION = YES;
				CLANG_WARN_OBJC_ROOT_CLASS = YES_ERROR;
				CLANG_WARN_QUOTED_INCLUDE_IN_FRAMEWORK_HEADER = YES;
				CLANG_WARN_RANGE_LOOP_ANALYSIS = YES;
				CLANG_WARN_STRICT_PROTOTYPES = YES;
				CLANG_WARN_SUSPICIOUS_MOVE = YES;
				CLANG_WARN_UNGUARDED_AVAILABILITY = YES_AGGRESSIVE;
				CLANG_WARN_UNREACHABLE_CODE = YES;
				CLANG_WARN__DUPLICATE_METHOD_MATCH = YES;
				COPY_PHASE_STRIP = NO;
				DEBUG_INFORMATION_FORMAT = "dwarf-with-dsym";
				ENABLE_NS_ASSERTIONS = NO;
				ENABLE_STRICT_OBJC_MSGSEND = YES;
				GCC_C_LANGUAGE_STANDARD = gnu11;
				GCC_NO_COMMON_BLOCKS = YES;
				GCC_WARN_64_TO_32_BIT_CONVERSION = YES;
				GCC_WARN_ABOUT_RETURN_TYPE = YES_ERROR;
				GCC_WARN_UNDECLARED_SELECTOR = YES;
				GCC_WARN_UNINITIALIZED_AUTOS = YES_AGGRESSIVE;
				GCC_WARN_UNUSED_FUNCTION = YES;
				GCC_WARN_UNUSED_VARIABLE = YES;
				IPHONEOS_DEPLOYMENT_TARGET = 16.4;
				MTL_ENABLE_DEBUG_INFO = NO;
				MTL_FAST_MATH = YES;
				SDKROOT = iphoneos;
				SWIFT_COMPILATION_MODE = wholemodule;
				SWIFT_OPTIMIZATION_LEVEL = "-O";
				VALIDATE_PRODUCT = YES;
			};
			name = Release;
		};
		C08E6CB429EAD1C200D81ACA /* Debug */ = {
			isa = XCBuildConfiguration;
			buildSettings = {
				ASSETCATALOG_COMPILER_APPICON_NAME = AppIcon;
				ASSETCATALOG_COMPILER_GLOBAL_ACCENT_COLOR_NAME = AccentColor;
				CODE_SIGN_STYLE = Automatic;
				CURRENT_PROJECT_VERSION = 1;
				DEVELOPMENT_ASSET_PATHS = "\"tokeng/Preview Content\"";
				ENABLE_PREVIEWS = YES;
				GENERATE_INFOPLIST_FILE = YES;
				INFOPLIST_KEY_UIApplicationSceneManifest_Generation = YES;
				INFOPLIST_KEY_UIApplicationSupportsIndirectInputEvents = YES;
				INFOPLIST_KEY_UILaunchScreen_Generation = YES;
				INFOPLIST_KEY_UISupportedInterfaceOrientations_iPad = "UIInterfaceOrientationPortrait UIInterfaceOrientationPortraitUpsideDown UIInterfaceOrientationLandscapeLeft UIInterfaceOrientationLandscapeRight";
				INFOPLIST_KEY_UISupportedInterfaceOrientations_iPhone = "UIInterfaceOrientationPortrait UIInterfaceOrientationLandscapeLeft UIInterfaceOrientationLandscapeRight";
				LD_RUNPATH_SEARCH_PATHS = (
					"$(inherited)",
					"@executable_path/Frameworks",
				);
				MARKETING_VERSION = 1.0;
				PRODUCT_BUNDLE_IDENTIFIER = "Fortiate-Data-Solutions-Private-Limited.tokeng";
				PRODUCT_NAME = "$(TARGET_NAME)";
				SWIFT_EMIT_LOC_STRINGS = YES;
				SWIFT_VERSION = 5.0;
				TARGETED_DEVICE_FAMILY = "1,2";
			};
			name = Debug;
		};
		C08E6CB529EAD1C200D81ACA /* Release */ = {
			isa = XCBuildConfiguration;
			buildSettings = {
				ASSETCATALOG_COMPILER_APPICON_NAME = AppIcon;
				ASSETCATALOG_COMPILER_GLOBAL_ACCENT_COLOR_NAME = AccentColor;
				CODE_SIGN_STYLE = Automatic;
				CURRENT_PROJECT_VERSION = 1;
				DEVELOPMENT_ASSET_PATHS = "\"tokeng/Preview Content\"";
				ENABLE_PREVIEWS = YES;
				GENERATE_INFOPLIST_FILE = YES;
				INFOPLIST_KEY_UIApplicationSceneManifest_Generation = YES;
				INFOPLIST_KEY_UIApplicationSupportsIndirectInputEvents = YES;
				INFOPLIST_KEY_UILaunchScreen_Generation = YES;
				INFOPLIST_KEY_UISupportedInterfaceOrientations_iPad = "UIInterfaceOrientationPortrait UIInterfaceOrientationPortraitUpsideDown UIInterfaceOrientationLandscapeLeft UIInterfaceOrientationLandscapeRight";
				INFOPLIST_KEY_UISupportedInterfaceOrientations_iPhone = "UIInterfaceOrientationPortrait UIInterfaceOrientationLandscapeLeft UIInterfaceOrientationLandscapeRight";
				LD_RUNPATH_SEARCH_PATHS = (
					"$(inherited)",
					"@executable_path/Frameworks",
				);
				MARKETING_VERSION = 1.0;
				PRODUCT_BUNDLE_IDENTIFIER = "Fortiate-Data-Solutions-Private-Limited.tokeng";
				PRODUCT_NAME = "$(TARGET_NAME)";
				SWIFT_EMIT_LOC_STRINGS = YES;
				SWIFT_VERSION = 5.0;
				TARGETED_DEVICE_FAMILY = "1,2";
			};
			name = Release;
		};
		C08E6CB729EAD1C200D81ACA /* Debug */ = {
			isa = XCBuildConfiguration;
			buildSettings = {
				ALWAYS_EMBED_SWIFT_STANDARD_LIBRARIES = YES;
				BUNDLE_LOADER = "$(TEST_HOST)";
				CODE_SIGN_STYLE = Automatic;
				CURRENT_PROJECT_VERSION = 1;
				GENERATE_INFOPLIST_FILE = YES;
				IPHONEOS_DEPLOYMENT_TARGET = 16.4;
				MARKETING_VERSION = 1.0;
				PRODUCT_BUNDLE_IDENTIFIER = "Fortiate-Data-Solutions-Private-Limited.tokengTests";
				PRODUCT_NAME = "$(TARGET_NAME)";
				SWIFT_EMIT_LOC_STRINGS = NO;
				SWIFT_VERSION = 5.0;
				TARGETED_DEVICE_FAMILY = "1,2";
				TEST_HOST = "$(BUILT_PRODUCTS_DIR)/tokeng.app/$(BUNDLE_EXECUTABLE_FOLDER_PATH)/tokeng";
			};
			name = Debug;
		};
		C08E6CB829EAD1C200D81ACA /* Release */ = {
			isa = XCBuildConfiguration;
			buildSettings = {
				ALWAYS_EMBED_SWIFT_STANDARD_LIBRARIES = YES;
				BUNDLE_LOADER = "$(TEST_HOST)";
				CODE_SIGN_STYLE = Automatic;
				CURRENT_PROJECT_VERSION = 1;
				GENERATE_INFOPLIST_FILE = YES;
				IPHONEOS_DEPLOYMENT_TARGET = 16.4;
				MARKETING_VERSION = 1.0;
				PRODUCT_BUNDLE_IDENTIFIER = "Fortiate-Data-Solutions-Private-Limited.tokengTests";
				PRODUCT_NAME = "$(TARGET_NAME)";
				SWIFT_EMIT_LOC_STRINGS = NO;
				SWIFT_VERSION = 5.0;
				TARGETED_DEVICE_FAMILY = "1,2";
				TEST_HOST = "$(BUILT_PRODUCTS_DIR)/tokeng.app/$(BUNDLE_EXECUTABLE_FOLDER_PATH)/tokeng";
			};
			name = Release;
		};
		C08E6CBA29EAD1C200D81ACA /* Debug */ = {
			isa = XCBuildConfiguration;
			buildSettings = {
				ALWAYS_EMBED_SWIFT_STANDARD_LIBRARIES = YES;
				CODE_SIGN_STYLE = Automatic;
				CURRENT_PROJECT_VERSION = 1;
				GENERATE_INFOPLIST_FILE = YES;
				MARKETING_VERSION = 1.0;
				PRODUCT_BUNDLE_IDENTIFIER = "Fortiate-Data-Solutions-Private-Limited.tokengUITests";
				PRODUCT_NAME = "$(TARGET_NAME)";
				SWIFT_EMIT_LOC_STRINGS = NO;
				SWIFT_VERSION = 5.0;
				TARGETED_DEVICE_FAMILY = "1,2";
				TEST_TARGET_NAME = tokeng;
			};
			name = Debug;
		};
		C08E6CBB29EAD1C200D81ACA /* Release */ = {
			isa = XCBuildConfiguration;
			buildSettings = {
				ALWAYS_EMBED_SWIFT_STANDARD_LIBRARIES = YES;
				CODE_SIGN_STYLE = Automatic;
				CURRENT_PROJECT_VERSION = 1;
				GENERATE_INFOPLIST_FILE = YES;
				MARKETING_VERSION = 1.0;
				PRODUCT_BUNDLE_IDENTIFIER = "Fortiate-Data-Solutions-Private-Limited.tokengUITests";
				PRODUCT_NAME = "$(TARGET_NAME)";
				SWIFT_EMIT_LOC_STRINGS = NO;
				SWIFT_VERSION = 5.0;
				TARGETED_DEVICE_FAMILY = "1,2";
				TEST_TARGET_NAME = tokeng;
			};
			name = Release;
		};
/* End XCBuildConfiguration section */

/* Begin XCConfigurationList section */
		C08E6C8429EAD1C000D81ACA /* Build configuration list for PBXProject "tokeng" */ = {
			isa = XCConfigurationList;
			buildConfigurations = (
				C08E6CB129EAD1C200D81ACA /* Debug */,
				C08E6CB229EAD1C200D81ACA /* Release */,
			);
			defaultConfigurationIsVisible = 0;
			defaultConfigurationName = Release;
		};
		C08E6CB329EAD1C200D81ACA /* Build configuration list for PBXNativeTarget "tokeng" */ = {
			isa = XCConfigurationList;
			buildConfigurations = (
				C08E6CB429EAD1C200D81ACA /* Debug */,
				C08E6CB529EAD1C200D81ACA /* Release */,
			);
			defaultConfigurationIsVisible = 0;
			defaultConfigurationName = Release;
		};
		C08E6CB629EAD1C200D81ACA /* Build configuration list for PBXNativeTarget "tokengTests" */ = {
			isa = XCConfigurationList;
			buildConfigurations = (
				C08E6CB729EAD1C200D81ACA /* Debug */,
				C08E6CB829EAD1C200D81ACA /* Release */,
			);
			defaultConfigurationIsVisible = 0;
			defaultConfigurationName = Release;
		};
		C08E6CB929EAD1C200D81ACA /* Build configuration list for PBXNativeTarget "tokengUITests" */ = {
			isa = XCConfigurationList;
			buildConfigurations = (
				C08E6CBA29EAD1C200D81ACA /* Debug */,
				C08E6CBB29EAD1C200D81ACA /* Release */,
			);
			defaultConfigurationIsVisible = 0;
			defaultConfigurationName = Release;
		};
/* End XCConfigurationList section */

/* Begin XCVersionGroup section */
		C08E6C9729EAD1C200D81ACA /* tokeng.xcdatamodeld */ = {
			isa = XCVersionGroup;
			children = (
				C08E6C9829EAD1C200D81ACA /* tokeng.xcdatamodel */,
			);
			currentVersion = C08E6C9829EAD1C200D81ACA /* tokeng.xcdatamodel */;
			path = tokeng.xcdatamodeld;
			sourceTree = "<group>";
			versionGroupType = wrapper.xcdatamodel;
		};
/* End XCVersionGroup section */
	};
	rootObject = C08E6C8129EAD1C000D81ACA /* Project object */;
}
